
Microsoft Visual Studio Solution File, Format Version 12.00
# Visual Studio Version 17
VisualStudioVersion = 17.7.34202.233
MinimumVisualStudioVersion = 10.0.40219.1
Project("{FAE04EC0-301F-11D3-BF4B-00C04F79EFBC}") = "Practica#2", "Practica#2.csproj", "{5980E6A7-0392-454F-9FD0-C5DAF32439DA}"
EndProject
Global
	GlobalSection(SolutionConfigurationPlatforms) = preSolution
		Debug|Any CPU = Debug|Any CPU
		Release|Any CPU = Release|Any CPU
	EndGlobalSection
	GlobalSection(ProjectConfigurationPlatforms) = postSolution
		{5980E6A7-0392-454F-9FD0-C5DAF32439DA}.Debug|Any CPU.ActiveCfg = Debug|Any CPU
		{5980E6A7-0392-454F-9FD0-C5DAF32439DA}.Debug|Any CPU.Build.0 = Debug|Any CPU
		{5980E6A7-0392-454F-9FD0-C5DAF32439DA}.Release|Any CPU.ActiveCfg = Release|Any CPU
		{5980E6A7-0392-454F-9FD0-C5DAF32439DA}.Release|Any CPU.Build.0 = Release|Any CPU
	EndGlobalSection
	GlobalSection(SolutionProperties) = preSolution
		HideSolutionNode = FALSE
	EndGlobalSection
	GlobalSection(ExtensibilityGlobals) = postSolution
		SolutionGuid = {54673215-22A5-4907-908C-1157BA886AB2}
	EndGlobalSection
EndGlobal
